
Microsoft Visual Studio Solution File, Format Version 12.00
# Visual Studio Version 16
VisualStudioVersion = 16.0.29424.173
MinimumVisualStudioVersion = 10.0.40219.1
Project("{FAE04EC0-301F-11D3-BF4B-00C04F79EFBC}") = "CurrencyWallet", "CurrencyWallet\CurrencyWallet.csproj", "{FDBA00F6-46AD-4D3B-BF41-63F802E5F133}"
EndProject
Global
	GlobalSection(SolutionConfigurationPlatforms) = preSolution
		Debug|Any CPU = Debug|Any CPU
		Release|Any CPU = Release|Any CPU
	EndGlobalSection
	GlobalSection(ProjectConfigurationPlatforms) = postSolution
		{FDBA00F6-46AD-4D3B-BF41-63F802E5F133}.Debug|Any CPU.ActiveCfg = Debug|Any CPU
		{FDBA00F6-46AD-4D3B-BF41-63F802E5F133}.Debug|Any CPU.Build.0 = Debug|Any CPU
		{FDBA00F6-46AD-4D3B-BF41-63F802E5F133}.Release|Any CPU.ActiveCfg = Release|Any CPU
		{FDBA00F6-46AD-4D3B-BF41-63F802E5F133}.Release|Any CPU.Build.0 = Release|Any CPU
	EndGlobalSection
	GlobalSection(SolutionProperties) = preSolution
		HideSolutionNode = FALSE
	EndGlobalSection
	GlobalSection(ExtensibilityGlobals) = postSolution
		SolutionGuid = {2715D9EB-7B8F-4660-9CF9-1CA4EB5D80AA}
	EndGlobalSection
EndGlobal
